
Microsoft Visual Studio Solution File, Format Version 12.00
# Visual Studio Version 16
VisualStudioVersion = 16.0.29209.62
MinimumVisualStudioVersion = 10.0.40219.1
Project("{9A19103F-16F7-4668-BE54-9A1E7A4F7556}") = "QuickBuy.Domain", "QuickBuy.Domain\QuickBuy.Domain.csproj", "{8F347265-57C1-4637-9BB1-1556F0299193}"
EndProject
Project("{9A19103F-16F7-4668-BE54-9A1E7A4F7556}") = "QuickBuy.Web", "QuickBuy.Web\QuickBuy.Web.csproj", "{597E30A4-B8A6-4FB4-8A30-E0EF2DAB0969}"
EndProject
Project("{FAE04EC0-301F-11D3-BF4B-00C04F79EFBC}") = "QuickBuy.Repository", "QuickBuy.Repository\QuickBuy.Repository.csproj", "{C5A71AA4-C158-4A5E-B808-F569FD62D89D}"
EndProject
Global
	GlobalSection(SolutionConfigurationPlatforms) = preSolution
		Debug|Any CPU = Debug|Any CPU
		Release|Any CPU = Release|Any CPU
	EndGlobalSection
	GlobalSection(ProjectConfigurationPlatforms) = postSolution
		{8F347265-57C1-4637-9BB1-1556F0299193}.Debug|Any CPU.ActiveCfg = Debug|Any CPU
		{8F347265-57C1-4637-9BB1-1556F0299193}.Debug|Any CPU.Build.0 = Debug|Any CPU
		{8F347265-57C1-4637-9BB1-1556F0299193}.Release|Any CPU.ActiveCfg = Release|Any CPU
		{8F347265-57C1-4637-9BB1-1556F0299193}.Release|Any CPU.Build.0 = Release|Any CPU
		{597E30A4-B8A6-4FB4-8A30-E0EF2DAB0969}.Debug|Any CPU.ActiveCfg = Debug|Any CPU
		{597E30A4-B8A6-4FB4-8A30-E0EF2DAB0969}.Debug|Any CPU.Build.0 = Debug|Any CPU
		{597E30A4-B8A6-4FB4-8A30-E0EF2DAB0969}.Release|Any CPU.ActiveCfg = Release|Any CPU
		{597E30A4-B8A6-4FB4-8A30-E0EF2DAB0969}.Release|Any CPU.Build.0 = Release|Any CPU
		{C5A71AA4-C158-4A5E-B808-F569FD62D89D}.Debug|Any CPU.ActiveCfg = Debug|Any CPU
		{C5A71AA4-C158-4A5E-B808-F569FD62D89D}.Debug|Any CPU.Build.0 = Debug|Any CPU
		{C5A71AA4-C158-4A5E-B808-F569FD62D89D}.Release|Any CPU.ActiveCfg = Release|Any CPU
		{C5A71AA4-C158-4A5E-B808-F569FD62D89D}.Release|Any CPU.Build.0 = Release|Any CPU
	EndGlobalSection
	GlobalSection(SolutionProperties) = preSolution
		HideSolutionNode = FALSE
	EndGlobalSection
	GlobalSection(ExtensibilityGlobals) = postSolution
		SolutionGuid = {5578BE8D-F660-428A-AF8D-9629C8E8B734}
	EndGlobalSection
EndGlobal
